PODS:
  - Alamofire (4.7.2)
  - BEMCheckBox (1.4.1)
  - Crashlytics (3.10.1):
    - Fabric (~> 1.7.5)
  - Fabric (1.7.6)
  - FBAnnotationClusteringSwift (2.0)
  - Haneke (1.0.2)
  - HatForIOS (0.0.1):
    - Alamofire
    - JWTDecode
    - SwiftyJSON
    - SwiftyRSA
  - JWTDecode (2.1.1)
  - KeychainSwift (11.0.0)
  - MarkdownView (1.2.0)
  - Mockingjay (2.0.1):
    - Mockingjay/Core (= 2.0.1)
    - Mockingjay/XCTest (= 2.0.1)
  - Mockingjay/Core (2.0.1):
    - URITemplate (~> 2.0)
  - Mockingjay/XCTest (2.0.1):
    - Mockingjay/Core
  - Realm (3.5.0):
    - Realm/Headers (= 3.5.0)
  - Realm/Headers (3.5.0)
  - RealmSwift (3.5.0):
    - Realm (= 3.5.0)
  - SwiftLint (0.21.0)
  - SwiftyJSON (4.1.0)
  - SwiftyRSA (1.4.0):
    - SwiftyRSA/ObjC (= 1.4.0)
  - SwiftyRSA/ObjC (1.4.0)
  - URITemplate (2.0.3)
  - zxcvbn-ios (1.0.4)

DEPENDENCIES:
  - Alamofire
  - BEMCheckBox
  - Crashlytics
  - Fabric
  - FBAnnotationClusteringSwift (from `https://github.com/ribl/FBAnnotationClusteringSwift/`, branch `master`)
  - Haneke
  - HatForIOS (from `https://github.com/whiteshadow-gr/HatForIOS.git`)
  - JWTDecode
  - KeychainSwift
  - MarkdownView
  - Mockingjay
  - RealmSwift
  - SwiftLint (= 0.21.0)
  - SwiftyJSON
  - SwiftyRSA
  - zxcvbn-ios

EXTERNAL SOURCES:
  FBAnnotationClusteringSwift:
    :branch: master
    :git: https://github.com/ribl/FBAnnotationClusteringSwift/
  HatForIOS:
    :git: https://github.com/whiteshadow-gr/HatForIOS.git

CHECKOUT OPTIONS:
  FBAnnotationClusteringSwift:
    :commit: 2959a5dce40d1ea0997552f3b61dc5f2d2e6d922
    :git: https://github.com/ribl/FBAnnotationClusteringSwift/
  HatForIOS:
    :commit: 47b6ff3e6d35657d5d093475f1fb80c0b89de92c
    :git: https://github.com/whiteshadow-gr/HatForIOS.git

SPEC CHECKSUMS:
  Alamofire: e4fa87002c137ba2d8d634d2c51fabcda0d5c223
  BEMCheckBox: 5ba6e37ade3d3657b36caecc35c8b75c6c2b1a4e
  Crashlytics: aee1a064cbbf99b32efa3f056a5f458d846bc8ff
  Fabric: f8d42c893bb187326a7968b62abe55c36a987a46
  FBAnnotationClusteringSwift: 0698ddcee46d1c28f14336909b2b0af4906b213f
  Haneke: 01454a67322faa0dd9d81fc0f447885044e71521
  HatForIOS: 741a6aa226fb96e93042b6b31d5429b89671f49e
  JWTDecode: 83e8b381aafe27158d9f692cbdca2b12d61d460c
  KeychainSwift: bea6bd9f98af7b8d7ca4aa79fe105c00fab532db
  MarkdownView: d72e5cca8172402a579d9ba082968af36c2faf56
  Mockingjay: 11a621880d2887f1775bdcf824341eb68f218450
  Realm: 0378021c424e4e2bd6a0e63b27881e929d9b9ad1
  RealmSwift: 3322562622fda2ad596985ead4d8d8be30cf838c
  SwiftLint: 6de8b2d15f43c482bdec2953b8cfd696faa876e8
  SwiftyJSON: c29297daf073d2aa016295d5809cdd68045c39b3
  SwiftyRSA: 601e4585fece2c6c50ae93a67c77cc2426e55cb2
  URITemplate: ace0c4c46dcf8afe6e89b4060621852886b15c3b
  zxcvbn-ios: fef98b7c80f1512ff0eec47ac1fa399fc00f7e3c

PODFILE CHECKSUM: 90ab1a754b5a6bd3cab562b1f402e04c4564e77c

COCOAPODS: 1.4.0
